
Microsoft Visual Studio Solution File, Format Version 12.00
Project("{FAE04EC0-301F-11D3-BF4B-00C04F79EFBC}") = "cw2", "cw2\cw2.csproj", "{79D12F0E-23AB-4ADC-9988-ED2ABAAFDCEB}"
EndProject
Global
	GlobalSection(SolutionConfigurationPlatforms) = preSolution
		Debug|Any CPU = Debug|Any CPU
		Release|Any CPU = Release|Any CPU
	EndGlobalSection
	GlobalSection(ProjectConfigurationPlatforms) = postSolution
		{79D12F0E-23AB-4ADC-9988-ED2ABAAFDCEB}.Debug|Any CPU.ActiveCfg = Debug|Any CPU
		{79D12F0E-23AB-4ADC-9988-ED2ABAAFDCEB}.Debug|Any CPU.Build.0 = Debug|Any CPU
		{79D12F0E-23AB-4ADC-9988-ED2ABAAFDCEB}.Release|Any CPU.ActiveCfg = Release|Any CPU
		{79D12F0E-23AB-4ADC-9988-ED2ABAAFDCEB}.Release|Any CPU.Build.0 = Release|Any CPU
	EndGlobalSection
EndGlobal
